<?xml version="1.0" encoding="utf-8"?>
<Project ToolsVersion="4.0" xmlns="http://schemas.microsoft.com/developer/msbuild/2003">
  <ItemGroup>
    <Filter Include="Source Files">
      <UniqueIdentifier>{4FC737F1-C7A5-4376-A066-2A32D752A2FF}</UniqueIdentifier>
      <Extensions>cpp;c;cc;cxx;def;odl;idl;hpj;bat;asm;asmx</Extensions>
    </Filter>
    <Filter Include="Header Files">
      <UniqueIdentifier>{93995380-89BD-4b04-88EB-625FBE52EBFB}</UniqueIdentifier>
      <Extensions>h;hh;hpp;hxx;hm;inl;inc;ipp;xsd</Extensions>
    </Filter>
    <Filter Include="Resource Files">
      <UniqueIdentifier>{67DA6AB6-F800-4c08-8B7A-83BB121AAD01}</UniqueIdentifier>
      <Extensions>rc;ico;cur;bmp;dlg;rc2;rct;bin;rgs;gif;jpg;jpeg;jpe;resx;tiff;tif;png;wav;mfcribbon-ms</Extensions>
    </Filter>
    <Filter Include="Header Files\Engine">
      <UniqueIdentifier>{b71e833f-2698-4d46-b7d0-8341f10204a1}</UniqueIdentifier>
    </Filter>
    <Filter Include="Header Files\Game">
      <UniqueIdentifier>{640a227a-3fb7-4417-8107-38811606d722}</UniqueIdentifier>
    </Filter>
    <Filter Include="Header Files\Entity">
      <UniqueIdentifier>{9e275b1c-9d6a-4d13-8719-397bfb3ff4a6}</UniqueIdentifier>
    </Filter>
    <Filter Include="Source Files\Game">
      <UniqueIdentifier>{e22e7503-5ac6-4ee0-9707-86bbeba61bcf}</UniqueIdentifier>
    </Filter>
    <Filter Include="Source Files\Engine">
      <UniqueIdentifier>{5707e32c-ebc5-4875-9894-8ef7c4ca3f63}</UniqueIdentifier>
    </Filter>
    <Filter Include="Source Files\Entity">
      <UniqueIdentifier>{a03b86b8-f062-48c6-984d-0f2fc6730d25}</UniqueIdentifier>
    </Filter>
    <Filter Include="Source Files\Engine\IniParsing">
      <UniqueIdentifier>{948d3a52-a263-4298-86da-b688c21c6957}</UniqueIdentifier>
    </Filter>
    <Filter Include="Header Files\Engine\IniParsing">
      <UniqueIdentifier>{2071b862-c517-468a-867d-3e9c0dfa92fd}</UniqueIdentifier>
    </Filter>
    <Filter Include="Header Files\Math">
      <UniqueIdentifier>{6919ebaa-9c63-4aae-ac0e-5bd97730b37e}</UniqueIdentifier>
    </Filter>
    <Filter Include="Source Files\Math">
      <UniqueIdentifier>{8da3fd26-b8b8-4b7e-9e9f-982b46471fba}</UniqueIdentifier>
    </Filter>
    <Filter Include="Header Files\Scene">
      <UniqueIdentifier>{3da6b3ac-0451-43c4-a4e4-8008634433d0}</UniqueIdentifier>
    </Filter>
    <Filter Include="Source Files\Scene">
      <UniqueIdentifier>{2e7a5d79-e3b4-4062-8a5d-4b9e5c0cf9f0}</UniqueIdentifier>
    </Filter>
    <Filter Include="Header Files\Engine\Declerations">
      <UniqueIdentifier>{2c1da08e-fcac-4712-b48e-95aafeac69f4}</UniqueIdentifier>
    </Filter>
    <Filter Include="Source Files\UI">
      <UniqueIdentifier>{a125157e-ed42-418f-a864-50a47b4ae058}</UniqueIdentifier>
    </Filter>
    <Filter Include="Header Files\UI">
      <UniqueIdentifier>{a8764031-d383-4698-8238-9c104d31b4d2}</UniqueIdentifier>
    </Filter>
    <Filter Include="Header Files\Entity\Car">
      <UniqueIdentifier>{f00c18db-6ab3-45b5-9ebf-6c1b61d77826}</UniqueIdentifier>
    </Filter>
    <Filter Include="Source Files\Entity\Car">
      <UniqueIdentifier>{8d8118a4-6aea-4f9c-9113-b662f5ac08a0}</UniqueIdentifier>
    </Filter>
    <Filter Include="Source Files\Engine\Declarations">
      <UniqueIdentifier>{3883b464-32ae-4661-b0cc-a2881708e85c}</UniqueIdentifier>
    </Filter>
    <Filter Include="Source Files\Level">
      <UniqueIdentifier>{0ade119b-bf83-4683-b5db-18492b40a0bd}</UniqueIdentifier>
    </Filter>
    <Filter Include="Header Files\Level">
      <UniqueIdentifier>{c9cb6745-29c6-45f1-b0f4-e5b6115caabb}</UniqueIdentifier>
    </Filter>
    <Filter Include="Source Files\Entity\Objects">
      <UniqueIdentifier>{f3f2a66c-bf72-47a1-be24-24307663ef9b}</UniqueIdentifier>
    </Filter>
    <Filter Include="Header Files\Entity\Objects">
      <UniqueIdentifier>{695b4312-91c2-41c3-9384-b594139cd06b}</UniqueIdentifier>
    </Filter>
    <Filter Include="Header Files\Particles">
      <UniqueIdentifier>{b78b1e28-17c7-4321-823c-ea8e1e1cd750}</UniqueIdentifier>
    </Filter>
    <Filter Include="Source Files\Particles">
      <UniqueIdentifier>{f02aa4df-eddf-465c-87cf-916379328a95}</UniqueIdentifier>
    </Filter>
  </ItemGroup>
  <ItemGroup>
    <ClCompile Include="logmanager.cpp">
      <Filter>Source Files\Engine</Filter>
    </ClCompile>
    <ClCompile Include="game.cpp">
      <Filter>Source Files\Game</Filter>
    </ClCompile>
    <ClCompile Include="entity.cpp">
      <Filter>Source Files\Entity</Filter>
    </ClCompile>
    <ClCompile Include="main.cpp">
      <Filter>Source Files\Game</Filter>
    </ClCompile>
    <ClCompile Include="backbuffer.cpp">
      <Filter>Source Files\Engine</Filter>
    </ClCompile>
    <ClCompile Include="texture.cpp">
      <Filter>Source Files\Engine</Filter>
    </ClCompile>
    <ClCompile Include="texturemanager.cpp">
      <Filter>Source Files\Engine</Filter>
    </ClCompile>
    <ClCompile Include="sprite.cpp">
      <Filter>Source Files\Entity</Filter>
    </ClCompile>
    <ClCompile Include="IniParser.cpp">
      <Filter>Source Files\Engine\IniParsing</Filter>
    </ClCompile>
    <ClCompile Include="animatedsprite.cpp">
      <Filter>Source Files\Entity</Filter>
    </ClCompile>
    <ClCompile Include="Vector2.cpp">
      <Filter>Source Files\Math</Filter>
    </ClCompile>
    <ClCompile Include="Calc.cpp">
      <Filter>Source Files\Math</Filter>
    </ClCompile>
    <ClCompile Include="SplashScreen.cpp">
      <Filter>Source Files\Scene</Filter>
    </ClCompile>
    <ClCompile Include="InputManager.cpp">
      <Filter>Source Files\Engine</Filter>
    </ClCompile>
    <ClCompile Include="SceneManager.cpp">
      <Filter>Source Files\Engine</Filter>
    </ClCompile>
    <ClCompile Include="State.cpp">
      <Filter>Source Files\Engine</Filter>
    </ClCompile>
    <ClCompile Include="Constants.cpp">
      <Filter>Source Files\Engine\Declarations</Filter>
    </ClCompile>
    <ClCompile Include="UIElement.cpp">
      <Filter>Source Files\UI</Filter>
    </ClCompile>
    <ClCompile Include="Rectangle.cpp">
      <Filter>Source Files\UI</Filter>
    </ClCompile>
    <ClCompile Include="MainMenu.cpp">
      <Filter>Source Files\Scene</Filter>
    </ClCompile>
    <ClCompile Include="AnimatedUI.cpp">
      <Filter>Source Files\UI</Filter>
    </ClCompile>
    <ClCompile Include="StaticUI.cpp">
      <Filter>Source Files\UI</Filter>
    </ClCompile>
    <ClCompile Include="FontManager.cpp">
      <Filter>Source Files\Engine</Filter>
    </ClCompile>
    <ClCompile Include="Wheel.cpp">
      <Filter>Source Files\Entity\Car</Filter>
    </ClCompile>
    <ClCompile Include="Button.cpp">
      <Filter>Source Files\UI</Filter>
    </ClCompile>
    <ClCompile Include="SoundManager.cpp">
      <Filter>Source Files\Engine</Filter>
    </ClCompile>
    <ClCompile Include="GUI.cpp">
      <Filter>Source Files\UI</Filter>
    </ClCompile>
    <ClCompile Include="InstructionMenu.cpp">
      <Filter>Source Files\Scene</Filter>
    </ClCompile>
    <ClCompile Include="BitMapReader.cpp">
      <Filter>Source Files\Level</Filter>
    </ClCompile>
    <ClCompile Include="LevelsManager.cpp">
      <Filter>Source Files\Level</Filter>
    </ClCompile>
    <ClCompile Include="LevelLoader.cpp">
      <Filter>Source Files\Level</Filter>
    </ClCompile>
    <ClCompile Include="DebugDraw.cpp">
      <Filter>Source Files\Engine</Filter>
    </ClCompile>
    <ClCompile Include="Test2.cpp">
      <Filter>Source Files\Scene</Filter>
    </ClCompile>
    <ClCompile Include="Test.cpp">
      <Filter>Source Files\Scene</Filter>
    </ClCompile>
    <ClCompile Include="Camera.cpp">
      <Filter>Source Files\Engine</Filter>
    </ClCompile>
    <ClCompile Include="Car.cpp">
      <Filter>Source Files\Entity\Car</Filter>
    </ClCompile>
    <ClCompile Include="CarTest.cpp">
      <Filter>Source Files\Scene</Filter>
    </ClCompile>
    <ClCompile Include="Test51.cpp">
      <Filter>Source Files\Scene</Filter>
    </ClCompile>
    <ClCompile Include="DebugSquare.cpp">
      <Filter>Source Files\Entity\Objects</Filter>
    </ClCompile>
    <ClCompile Include="CarTest2.cpp">
      <Filter>Source Files\Scene</Filter>
    </ClCompile>
    <ClCompile Include="Level.cpp">
      <Filter>Source Files\Scene</Filter>
    </ClCompile>
    <ClCompile Include="Arrow.cpp">
      <Filter>Source Files\UI</Filter>
    </ClCompile>
    <ClCompile Include="HudItem.cpp">
      <Filter>Source Files\UI</Filter>
    </ClCompile>
    <ClCompile Include="CollideableObject.cpp">
      <Filter>Source Files\Entity</Filter>
    </ClCompile>
    <ClCompile Include="ParticleEmitter.cpp">
      <Filter>Source Files\Particles</Filter>
    </ClCompile>
    <ClCompile Include="Particle.cpp">
      <Filter>Source Files\Particles</Filter>
    </ClCompile>
    <ClCompile Include="Colors.cpp">
      <Filter>Source Files\Engine\Declarations</Filter>
    </ClCompile>
    <ClCompile Include="Building.cpp">
      <Filter>Source Files\Entity\Objects</Filter>
    </ClCompile>
    <ClCompile Include="FinishLine.cpp">
      <Filter>Source Files\Entity\Objects</Filter>
    </ClCompile>
  </ItemGroup>
  <ItemGroup>
    <ClInclude Include="game.h">
      <Filter>Header Files\Game</Filter>
    </ClInclude>
    <ClInclude Include="logmanager.h">
      <Filter>Header Files\Engine</Filter>
    </ClInclude>
    <ClInclude Include="entity.h">
      <Filter>Header Files\Entity</Filter>
    </ClInclude>
    <ClInclude Include="backbuffer.h">
      <Filter>Header Files\Engine</Filter>
    </ClInclude>
    <ClInclude Include="sprite.h">
      <Filter>Header Files\Entity</Filter>
    </ClInclude>
    <ClInclude Include="texture.h">
      <Filter>Header Files\Engine</Filter>
    </ClInclude>
    <ClInclude Include="texturemanager.h">
      <Filter>Header Files\Engine</Filter>
    </ClInclude>
    <ClInclude Include="IniParser.h">
      <Filter>Header Files\Engine\IniParsing</Filter>
    </ClInclude>
    <ClInclude Include="animatedsprite.h">
      <Filter>Header Files\Entity</Filter>
    </ClInclude>
    <ClInclude Include="Vector2.h">
      <Filter>Header Files\Math</Filter>
    </ClInclude>
    <ClInclude Include="Calc.h">
      <Filter>Header Files\Math</Filter>
    </ClInclude>
    <ClInclude Include="SplashScreen.h">
      <Filter>Header Files\Scene</Filter>
    </ClInclude>
    <ClInclude Include="InputDef.h">
      <Filter>Header Files\Engine</Filter>
    </ClInclude>
    <ClInclude Include="InputManager.h">
      <Filter>Header Files\Engine</Filter>
    </ClInclude>
    <ClInclude Include="SceneManager.h">
      <Filter>Header Files\Engine</Filter>
    </ClInclude>
    <ClInclude Include="State.h">
      <Filter>Header Files\Engine</Filter>
    </ClInclude>
    <ClInclude Include="Constants.h">
      <Filter>Header Files\Engine\Declerations</Filter>
    </ClInclude>
    <ClInclude Include="UIElement.h">
      <Filter>Header Files\UI</Filter>
    </ClInclude>
    <ClInclude Include="Rectangle.h">
      <Filter>Header Files\UI</Filter>
    </ClInclude>
    <ClInclude Include="AnimatedUI.h">
      <Filter>Header Files\UI</Filter>
    </ClInclude>
    <ClInclude Include="StaticUI.h">
      <Filter>Header Files\UI</Filter>
    </ClInclude>
    <ClInclude Include="MainMenu.h">
      <Filter>Header Files\Scene</Filter>
    </ClInclude>
    <ClInclude Include="FontManager.h">
      <Filter>Header Files\Engine</Filter>
    </ClInclude>
    <ClInclude Include="Wheel.h">
      <Filter>Header Files\Entity\Car</Filter>
    </ClInclude>
    <ClInclude Include="Button.h">
      <Filter>Header Files\UI</Filter>
    </ClInclude>
    <ClInclude Include="SoundManager.h">
      <Filter>Header Files\Engine</Filter>
    </ClInclude>
    <ClInclude Include="GUI.h">
      <Filter>Header Files\UI</Filter>
    </ClInclude>
    <ClInclude Include="InstructionMenu.h">
      <Filter>Header Files\Scene</Filter>
    </ClInclude>
    <ClInclude Include="BitMapReader.h">
      <Filter>Header Files\Level</Filter>
    </ClInclude>
    <ClInclude Include="LevelsManager.h">
      <Filter>Header Files\Level</Filter>
    </ClInclude>
    <ClInclude Include="LevelLoader.h">
      <Filter>Header Files\Level</Filter>
    </ClInclude>
    <ClInclude Include="DebugDraw.h">
      <Filter>Header Files\Engine</Filter>
    </ClInclude>
    <ClInclude Include="Test2.h">
      <Filter>Header Files\Scene</Filter>
    </ClInclude>
    <ClInclude Include="Test.h">
      <Filter>Header Files\Scene</Filter>
    </ClInclude>
    <ClInclude Include="Test51.h">
      <Filter>Header Files\Scene</Filter>
    </ClInclude>
    <ClInclude Include="CarTest.h">
      <Filter>Header Files\Scene</Filter>
    </ClInclude>
    <ClInclude Include="Car.h">
      <Filter>Header Files\Entity\Car</Filter>
    </ClInclude>
    <ClInclude Include="Camera.h">
      <Filter>Header Files\Engine</Filter>
    </ClInclude>
    <ClInclude Include="DebugSquare.h">
      <Filter>Header Files\Entity\Objects</Filter>
    </ClInclude>
    <ClInclude Include="CarTest2.h">
      <Filter>Header Files\Scene</Filter>
    </ClInclude>
    <ClInclude Include="Level.h">
      <Filter>Header Files\Scene</Filter>
    </ClInclude>
    <ClInclude Include="Arrow.h">
      <Filter>Header Files\UI</Filter>
    </ClInclude>
    <ClInclude Include="HudItem.h">
      <Filter>Header Files\UI</Filter>
    </ClInclude>
    <ClInclude Include="CollideableObject.h">
      <Filter>Header Files\Entity</Filter>
    </ClInclude>
    <ClInclude Include="ParticleEmitter.h">
      <Filter>Header Files\Particles</Filter>
    </ClInclude>
    <ClInclude Include="Particle.h">
      <Filter>Header Files\Particles</Filter>
    </ClInclude>
    <ClInclude Include="Colors.h">
      <Filter>Header Files\Engine\Declerations</Filter>
    </ClInclude>
    <ClInclude Include="Building.h">
      <Filter>Header Files\Entity\Objects</Filter>
    </ClInclude>
    <ClInclude Include="FinishLine.h">
      <Filter>Header Files\Entity\Objects</Filter>
    </ClInclude>
  </ItemGroup>
</Project>