<?xml version="1.0" encoding="utf-8"?>
<Project ToolsVersion="4.0" xmlns="http://schemas.microsoft.com/developer/msbuild/2003">
  <ItemGroup>
    <Filter Include="Source Files">
      <UniqueIdentifier>{4FC737F1-C7A5-4376-A066-2A32D752A2FF}</UniqueIdentifier>
      <Extensions>cpp;c;cc;cxx;def;odl;idl;hpj;bat;asm;asmx</Extensions>
    </Filter>
    <Filter Include="Header Files">
      <UniqueIdentifier>{93995380-89BD-4b04-88EB-625FBE52EBFB}</UniqueIdentifier>
      <Extensions>h;hh;hpp;hxx;hm;inl;inc;ipp;xsd</Extensions>
    </Filter>
    <Filter Include="Resource Files">
      <UniqueIdentifier>{67DA6AB6-F800-4c08-8B7A-83BB121AAD01}</UniqueIdentifier>
      <Extensions>rc;ico;cur;bmp;dlg;rc2;rct;bin;rgs;gif;jpg;jpeg;jpe;resx;tiff;tif;png;wav;mfcribbon-ms</Extensions>
    </Filter>
    <Filter Include="Header Files\Entities">
      <UniqueIdentifier>{7941a212-9bb2-4133-b22f-f8acd03c95fd}</UniqueIdentifier>
    </Filter>
    <Filter Include="Header Files\EntityControllers">
      <UniqueIdentifier>{0130107b-8e58-49be-8f76-5b6fe7370804}</UniqueIdentifier>
    </Filter>
    <Filter Include="Header Files\FrameWork">
      <UniqueIdentifier>{b2bb568f-52ff-4d80-a2b6-863112edaacb}</UniqueIdentifier>
    </Filter>
    <Filter Include="Header Files\ParticleSystems">
      <UniqueIdentifier>{79445501-89da-423a-a765-651b59cbfca1}</UniqueIdentifier>
    </Filter>
    <Filter Include="Header Files\SceneManagment">
      <UniqueIdentifier>{ec7b8a3f-e016-4dc9-b27c-a7300816dbb8}</UniqueIdentifier>
    </Filter>
    <Filter Include="Source Files\Entities">
      <UniqueIdentifier>{585824a8-994c-4205-ad39-f585edc9ceb8}</UniqueIdentifier>
    </Filter>
    <Filter Include="Source Files\EntityControllers">
      <UniqueIdentifier>{eaa7188d-a3bc-4843-8d0b-5e00e78a326c}</UniqueIdentifier>
    </Filter>
    <Filter Include="Source Files\FrameWork">
      <UniqueIdentifier>{a904d0a4-d001-4eb9-9318-903d45ec53e1}</UniqueIdentifier>
    </Filter>
    <Filter Include="Source Files\Parsers">
      <UniqueIdentifier>{cca89f25-6855-49c9-a175-602a087951ff}</UniqueIdentifier>
    </Filter>
    <Filter Include="Source Files\SceneManagment">
      <UniqueIdentifier>{d2a2d1ea-5b23-4dab-ba10-d545f1f08f41}</UniqueIdentifier>
    </Filter>
    <Filter Include="Source Files\ParticleSystems">
      <UniqueIdentifier>{86223362-50fb-43cb-9f2f-df4857582d14}</UniqueIdentifier>
    </Filter>
    <Filter Include="Header Files\Parsers">
      <UniqueIdentifier>{cf64e54d-7181-43ef-afd5-8e409684f3b5}</UniqueIdentifier>
    </Filter>
    <Filter Include="Source Files\PhysicsEngine">
      <UniqueIdentifier>{46ecb5c7-9d66-41cc-b270-dd3b0a91af7b}</UniqueIdentifier>
    </Filter>
    <Filter Include="Header Files\PhysicsEngine">
      <UniqueIdentifier>{91e5fe7a-199a-41d1-acdd-0d283582f0e7}</UniqueIdentifier>
    </Filter>
    <Filter Include="Header Files\QuadTree">
      <UniqueIdentifier>{395ad56f-62be-4a35-a268-b902aeff897b}</UniqueIdentifier>
    </Filter>
    <Filter Include="Source Files\QuadTree">
      <UniqueIdentifier>{bb8e1616-2333-4d6f-a135-f4c1c83ecf03}</UniqueIdentifier>
    </Filter>
  </ItemGroup>
  <ItemGroup>
    <ClCompile Include="animatedsprite.cpp">
      <Filter>Source Files\FrameWork</Filter>
    </ClCompile>
    <ClCompile Include="backbuffer.cpp">
      <Filter>Source Files\FrameWork</Filter>
    </ClCompile>
    <ClCompile Include="entity.cpp">
      <Filter>Source Files\FrameWork</Filter>
    </ClCompile>
    <ClCompile Include="game.cpp">
      <Filter>Source Files\FrameWork</Filter>
    </ClCompile>
    <ClCompile Include="inputhandler.cpp">
      <Filter>Source Files\FrameWork</Filter>
    </ClCompile>
    <ClCompile Include="logmanager.cpp">
      <Filter>Source Files\FrameWork</Filter>
    </ClCompile>
    <ClCompile Include="main.cpp">
      <Filter>Source Files\FrameWork</Filter>
    </ClCompile>
    <ClCompile Include="sprite.cpp">
      <Filter>Source Files\FrameWork</Filter>
    </ClCompile>
    <ClCompile Include="texture.cpp">
      <Filter>Source Files\FrameWork</Filter>
    </ClCompile>
    <ClCompile Include="texturemanager.cpp">
      <Filter>Source Files\FrameWork</Filter>
    </ClCompile>
    <ClCompile Include="InGameScene.cpp">
      <Filter>Source Files\SceneManagment</Filter>
    </ClCompile>
    <ClCompile Include="iniParser.cpp">
      <Filter>Source Files\Parsers</Filter>
    </ClCompile>
    <ClCompile Include="MenuScene.cpp">
      <Filter>Source Files\SceneManagment</Filter>
    </ClCompile>
    <ClCompile Include="SceneManager.cpp">
      <Filter>Source Files\SceneManagment</Filter>
    </ClCompile>
    <ClCompile Include="Player.cpp">
      <Filter>Source Files\Entities</Filter>
    </ClCompile>
    <ClCompile Include="PhysicsEngine.cpp">
      <Filter>Source Files\PhysicsEngine</Filter>
    </ClCompile>
    <ClCompile Include="Walls.cpp">
      <Filter>Source Files\Entities</Filter>
    </ClCompile>
    <ClCompile Include="WallController.cpp">
      <Filter>Source Files\EntityControllers</Filter>
    </ClCompile>
    <ClCompile Include="Vector2.cpp">
      <Filter>Source Files\FrameWork</Filter>
    </ClCompile>
    <ClCompile Include="QuadTree.cpp">
      <Filter>Source Files\QuadTree</Filter>
    </ClCompile>
    <ClCompile Include="Rectangle.cpp">
      <Filter>Source Files\FrameWork</Filter>
    </ClCompile>
    <ClCompile Include="Material.cpp">
      <Filter>Source Files\EntityControllers</Filter>
    </ClCompile>
  </ItemGroup>
  <ItemGroup>
    <ClInclude Include="animatedsprite.h">
      <Filter>Header Files\FrameWork</Filter>
    </ClInclude>
    <ClInclude Include="backbuffer.h">
      <Filter>Header Files\FrameWork</Filter>
    </ClInclude>
    <ClInclude Include="entity.h">
      <Filter>Header Files\FrameWork</Filter>
    </ClInclude>
    <ClInclude Include="game.h">
      <Filter>Header Files\FrameWork</Filter>
    </ClInclude>
    <ClInclude Include="logmanager.h">
      <Filter>Header Files\FrameWork</Filter>
    </ClInclude>
    <ClInclude Include="resource.h">
      <Filter>Header Files\FrameWork</Filter>
    </ClInclude>
    <ClInclude Include="sprite.h">
      <Filter>Header Files\FrameWork</Filter>
    </ClInclude>
    <ClInclude Include="texture.h">
      <Filter>Header Files\FrameWork</Filter>
    </ClInclude>
    <ClInclude Include="texturemanager.h">
      <Filter>Header Files\FrameWork</Filter>
    </ClInclude>
    <ClInclude Include="InGameScene.h">
      <Filter>Header Files\SceneManagment</Filter>
    </ClInclude>
    <ClInclude Include="iniParser.h">
      <Filter>Header Files\Parsers</Filter>
    </ClInclude>
    <ClInclude Include="inputhandler.h">
      <Filter>Header Files\FrameWork</Filter>
    </ClInclude>
    <ClInclude Include="MenuScene.h">
      <Filter>Header Files\SceneManagment</Filter>
    </ClInclude>
    <ClInclude Include="SceneManager.h">
      <Filter>Header Files\SceneManagment</Filter>
    </ClInclude>
    <ClInclude Include="Player.h">
      <Filter>Header Files\Entities</Filter>
    </ClInclude>
    <ClInclude Include="PhysicsEngine.h">
      <Filter>Header Files\PhysicsEngine</Filter>
    </ClInclude>
    <ClInclude Include="Walls.h">
      <Filter>Header Files\Entities</Filter>
    </ClInclude>
    <ClInclude Include="WallController.h">
      <Filter>Header Files\EntityControllers</Filter>
    </ClInclude>
    <ClInclude Include="Vector2.h">
      <Filter>Header Files\FrameWork</Filter>
    </ClInclude>
    <ClInclude Include="QuadTree.h">
      <Filter>Header Files\QuadTree</Filter>
    </ClInclude>
    <ClInclude Include="Rectangle.h">
      <Filter>Header Files\FrameWork</Filter>
    </ClInclude>
    <ClInclude Include="Material.h">
      <Filter>Header Files\EntityControllers</Filter>
    </ClInclude>
  </ItemGroup>
</Project>